
Microsoft Visual Studio Solution File, Format Version 12.00
# Visual Studio Version 16
VisualStudioVersion = 25.0.1706.1
MinimumVisualStudioVersion = 10.0.40219.1
Project("{FAE04EC0-301F-11D3-BF4B-00C04F79EFBC}") = "asp-geosystems-store", "asp-geosystems-store.csproj", "{A1B6702A-ABFB-4781-95CD-978CAE52A80B}"
EndProject
Global
	GlobalSection(SolutionConfigurationPlatforms) = preSolution
		Debug|Any CPU = Debug|Any CPU
		Release|Any CPU = Release|Any CPU
	EndGlobalSection
	GlobalSection(ProjectConfigurationPlatforms) = postSolution
		{A1B6702A-ABFB-4781-95CD-978CAE52A80B}.Debug|Any CPU.ActiveCfg = Debug|Any CPU
		{A1B6702A-ABFB-4781-95CD-978CAE52A80B}.Debug|Any CPU.Build.0 = Debug|Any CPU
		{A1B6702A-ABFB-4781-95CD-978CAE52A80B}.Release|Any CPU.ActiveCfg = Release|Any CPU
		{A1B6702A-ABFB-4781-95CD-978CAE52A80B}.Release|Any CPU.Build.0 = Release|Any CPU
	EndGlobalSection
	GlobalSection(SolutionProperties) = preSolution
		HideSolutionNode = FALSE
	EndGlobalSection
	GlobalSection(ExtensibilityGlobals) = postSolution
		SolutionGuid = {A3A43139-B5CC-46CE-A3AE-930104DE9FB2}
	EndGlobalSection
EndGlobal
